
Microsoft Visual Studio Solution File, Format Version 12.00
# Visual Studio Version 17
VisualStudioVersion = 17.1.32414.318
MinimumVisualStudioVersion = 10.0.40219.1
Project("{9A19103F-16F7-4668-BE54-9A1E7A4F7556}") = "TestWebAPI", "TestWebAPI\TestWebAPI.csproj", "{3F5E8734-D29D-4438-83B4-7CD97B3D7300}"
EndProject
Project("{9A19103F-16F7-4668-BE54-9A1E7A4F7556}") = "TestConsole", "TestConsole\TestConsole.csproj", "{F09B970F-3A37-4198-B1B2-392A8D5F23AF}"
EndProject
Project("{9A19103F-16F7-4668-BE54-9A1E7A4F7556}") = "TestLibrary", "TestLibrary\TestLibrary.csproj", "{0EF0C7E9-6AC8-41C3-98DF-C7706B8D64A2}"
EndProject
Project("{FAE04EC0-301F-11D3-BF4B-00C04F79EFBC}") = "TestTranslateAPI", "TestTranslateAPI\TestTranslateAPI.csproj", "{EDCC667B-97CE-47C4-95D5-E596251A3E7A}"
EndProject
Global
	GlobalSection(SolutionConfigurationPlatforms) = preSolution
		Debug|Any CPU = Debug|Any CPU
		Release|Any CPU = Release|Any CPU
	EndGlobalSection
	GlobalSection(ProjectConfigurationPlatforms) = postSolution
		{3F5E8734-D29D-4438-83B4-7CD97B3D7300}.Debug|Any CPU.ActiveCfg = Debug|Any CPU
		{3F5E8734-D29D-4438-83B4-7CD97B3D7300}.Debug|Any CPU.Build.0 = Debug|Any CPU
		{3F5E8734-D29D-4438-83B4-7CD97B3D7300}.Release|Any CPU.ActiveCfg = Release|Any CPU
		{3F5E8734-D29D-4438-83B4-7CD97B3D7300}.Release|Any CPU.Build.0 = Release|Any CPU
		{F09B970F-3A37-4198-B1B2-392A8D5F23AF}.Debug|Any CPU.ActiveCfg = Debug|Any CPU
		{F09B970F-3A37-4198-B1B2-392A8D5F23AF}.Debug|Any CPU.Build.0 = Debug|Any CPU
		{F09B970F-3A37-4198-B1B2-392A8D5F23AF}.Release|Any CPU.ActiveCfg = Release|Any CPU
		{F09B970F-3A37-4198-B1B2-392A8D5F23AF}.Release|Any CPU.Build.0 = Release|Any CPU
		{0EF0C7E9-6AC8-41C3-98DF-C7706B8D64A2}.Debug|Any CPU.ActiveCfg = Debug|Any CPU
		{0EF0C7E9-6AC8-41C3-98DF-C7706B8D64A2}.Debug|Any CPU.Build.0 = Debug|Any CPU
		{0EF0C7E9-6AC8-41C3-98DF-C7706B8D64A2}.Release|Any CPU.ActiveCfg = Release|Any CPU
		{0EF0C7E9-6AC8-41C3-98DF-C7706B8D64A2}.Release|Any CPU.Build.0 = Release|Any CPU
		{EDCC667B-97CE-47C4-95D5-E596251A3E7A}.Debug|Any CPU.ActiveCfg = Debug|Any CPU
		{EDCC667B-97CE-47C4-95D5-E596251A3E7A}.Debug|Any CPU.Build.0 = Debug|Any CPU
		{EDCC667B-97CE-47C4-95D5-E596251A3E7A}.Release|Any CPU.ActiveCfg = Release|Any CPU
		{EDCC667B-97CE-47C4-95D5-E596251A3E7A}.Release|Any CPU.Build.0 = Release|Any CPU
	EndGlobalSection
	GlobalSection(SolutionProperties) = preSolution
		HideSolutionNode = FALSE
	EndGlobalSection
	GlobalSection(ExtensibilityGlobals) = postSolution
		SolutionGuid = {6B7D2A4A-6179-4F71-85A5-D5778FB9BCAB}
	EndGlobalSection
EndGlobal
